
Microsoft Visual Studio Solution File, Format Version 12.00
# Visual Studio Version 17
VisualStudioVersion = 17.11.35312.102
MinimumVisualStudioVersion = 10.0.40219.1
Project("{FAE04EC0-301F-11D3-BF4B-00C04F79EFBC}") = "StockMarketWebAPI", "StockMarketWebAPI.csproj", "{F9EC2DDA-2A6B-479A-92E2-7B0FC5BD3DCC}"
EndProject
Global
	GlobalSection(SolutionConfigurationPlatforms) = preSolution
		Debug|Any CPU = Debug|Any CPU
		Release|Any CPU = Release|Any CPU
	EndGlobalSection
	GlobalSection(ProjectConfigurationPlatforms) = postSolution
		{F9EC2DDA-2A6B-479A-92E2-7B0FC5BD3DCC}.Debug|Any CPU.ActiveCfg = Debug|Any CPU
		{F9EC2DDA-2A6B-479A-92E2-7B0FC5BD3DCC}.Debug|Any CPU.Build.0 = Debug|Any CPU
		{F9EC2DDA-2A6B-479A-92E2-7B0FC5BD3DCC}.Release|Any CPU.ActiveCfg = Release|Any CPU
		{F9EC2DDA-2A6B-479A-92E2-7B0FC5BD3DCC}.Release|Any CPU.Build.0 = Release|Any CPU
	EndGlobalSection
	GlobalSection(SolutionProperties) = preSolution
		HideSolutionNode = FALSE
	EndGlobalSection
	GlobalSection(ExtensibilityGlobals) = postSolution
		SolutionGuid = {8FD2B2FA-DE92-4E5B-BFA3-51B1B7302DA1}
	EndGlobalSection
EndGlobal
